
Microsoft Visual Studio Solution File, Format Version 12.00
# Visual Studio Version 17
VisualStudioVersion = 17.14.36301.6 d17.14
MinimumVisualStudioVersion = 10.0.40219.1
Project("{FAE04EC0-301F-11D3-BF4B-00C04F79EFBC}") = "dntWebApp", "dntWebApp.csproj", "{2EE7027D-2D3C-4D6F-9CBC-C1981CFB2506}"
EndProject
Global
	GlobalSection(SolutionConfigurationPlatforms) = preSolution
		Debug|Any CPU = Debug|Any CPU
		Release|Any CPU = Release|Any CPU
	EndGlobalSection
	GlobalSection(ProjectConfigurationPlatforms) = postSolution
		{2EE7027D-2D3C-4D6F-9CBC-C1981CFB2506}.Debug|Any CPU.ActiveCfg = Debug|Any CPU
		{2EE7027D-2D3C-4D6F-9CBC-C1981CFB2506}.Debug|Any CPU.Build.0 = Debug|Any CPU
		{2EE7027D-2D3C-4D6F-9CBC-C1981CFB2506}.Release|Any CPU.ActiveCfg = Release|Any CPU
		{2EE7027D-2D3C-4D6F-9CBC-C1981CFB2506}.Release|Any CPU.Build.0 = Release|Any CPU
	EndGlobalSection
	GlobalSection(SolutionProperties) = preSolution
		HideSolutionNode = FALSE
	EndGlobalSection
	GlobalSection(ExtensibilityGlobals) = postSolution
		SolutionGuid = {70F5B941-25EC-4F62-99AE-C74161B82998}
	EndGlobalSection
EndGlobal
